// !$*UTF8*$!
{
	archiveVersion = 1;
	classes = {
	};
	objectVersion = 46;
	objects = {

/* Begin PBXBuildFile section */
		889176A31906A63B000C7036 /* Foundation.framework in Frameworks */ = {isa = PBXBuildFile; fileRef = 889176A21906A63B000C7036 /* Foundation.framework */; };
		889176A51906A63B000C7036 /* CoreGraphics.framework in Frameworks */ = {isa = PBXBuildFile; fileRef = 889176A41906A63B000C7036 /* CoreGraphics.framework */; };
		889176A71906A63B000C7036 /* UIKit.framework in Frameworks */ = {isa = PBXBuildFile; fileRef = 889176A61906A63B000C7036 /* UIKit.framework */; };
		889176AD1906A63C000C7036 /* InfoPlist.strings in Resources */ = {isa = PBXBuildFile; fileRef = 889176AB1906A63C000C7036 /* InfoPlist.strings */; };
		889176AF1906A63C000C7036 /* main.m in Sources */ = {isa = PBXBuildFile; fileRef = 889176AE1906A63C000C7036 /* main.m */; };
		889176B31906A63C000C7036 /* ZZZAppDelegate.m in Sources */ = {isa = PBXBuildFile; fileRef = 889176B21906A63C000C7036 /* ZZZAppDelegate.m */; };
		889176B61906A63C000C7036 /* Main.storyboard in Resources */ = {isa = PBXBuildFile; fileRef = 889176B41906A63C000C7036 /* Main.storyboard */; };
		889176B91906A63C000C7036 /* ZZZViewController.m in Sources */ = {isa = PBXBuildFile; fileRef = 889176B81906A63C000C7036 /* ZZZViewController.m */; };
		889176BB1906A63C000C7036 /* Images.xcassets in Resources */ = {isa = PBXBuildFile; fileRef = 889176BA1906A63C000C7036 /* Images.xcassets */; };
		889176C21906A63C000C7036 /* XCTest.framework in Frameworks */ = {isa = PBXBuildFile; fileRef = 889176C11906A63C000C7036 /* XCTest.framework */; };
		889176C31906A63C000C7036 /* Foundation.framework in Frameworks */ = {isa = PBXBuildFile; fileRef = 889176A21906A63B000C7036 /* Foundation.framework */; };
		889176C41906A63C000C7036 /* UIKit.framework in Frameworks */ = {isa = PBXBuildFile; fileRef = 889176A61906A63B000C7036 /* UIKit.framework */; };
		889176CC1906A63C000C7036 /* InfoPlist.strings in Resources */ = {isa = PBXBuildFile; fileRef = 889176CA1906A63C000C7036 /* InfoPlist.strings */; };
		889176CE1906A63C000C7036 /* Pirate_GameTests.m in Sources */ = {isa = PBXBuildFile; fileRef = 889176CD1906A63C000C7036 /* Pirate_GameTests.m */; };
/* End PBXBuildFile section */

/* Begin PBXContainerItemProxy section */
		889176C51906A63C000C7036 /* PBXContainerItemProxy */ = {
			isa = PBXContainerItemProxy;
			containerPortal = 889176971906A63B000C7036 /* Project object */;
			proxyType = 1;
			remoteGlobalIDString = 8891769E1906A63B000C7036;
			remoteInfo = "Pirate Game";
		};
/* End PBXContainerItemProxy section */

/* Begin PBXFileReference section */
		8891769F1906A63B000C7036 /* Pirate Game.app */ = {isa = PBXFileReference; explicitFileType = wrapper.application; includeInIndex = 0; path = "Pirate Game.app"; sourceTree = BUILT_PRODUCTS_DIR; };
		889176A21906A63B000C7036 /* Foundation.framework */ = {isa = PBXFileReference; lastKnownFileType = wrapper.framework; name = Foundation.framework; path = System/Library/Frameworks/Foundation.framework; sourceTree = SDKROOT; };
		889176A41906A63B000C7036 /* CoreGraphics.framework */ = {isa = PBXFileReference; lastKnownFileType = wrapper.framework; name = CoreGraphics.framework; path = System/Library/Frameworks/CoreGraphics.framework; sourceTree = SDKROOT; };
		889176A61906A63B000C7036 /* UIKit.framework */ = {isa = PBXFileReference; lastKnownFileType = wrapper.framework; name = UIKit.framework; path = System/Library/Frameworks/UIKit.framework; sourceTree = SDKROOT; };
		889176AA1906A63C000C7036 /* Pirate Game-Info.plist */ = {isa = PBXFileReference; lastKnownFileType = text.plist.xml; path = "Pirate Game-Info.plist"; sourceTree = "<group>"; };
		889176AC1906A63C000C7036 /* en */ = {isa = PBXFileReference; lastKnownFileType = text.plist.strings; name = en; path = en.lproj/InfoPlist.strings; sourceTree = "<group>"; };
		889176AE1906A63C000C7036 /* main.m */ = {isa = PBXFileReference; lastKnownFileType = sourcecode.c.objc; path = main.m; sourceTree = "<group>"; };
		889176B01906A63C000C7036 /* Pirate Game-Prefix.pch */ = {isa = PBXFileReference; lastKnownFileType = sourcecode.c.h; path = "Pirate Game-Prefix.pch"; sourceTree = "<group>"; };
		889176B11906A63C000C7036 /* ZZZAppDelegate.h */ = {isa = PBXFileReference; lastKnownFileType = sourcecode.c.h; path = ZZZAppDelegate.h; sourceTree = "<group>"; };
		889176B21906A63C000C7036 /* ZZZAppDelegate.m */ = {isa = PBXFileReference; lastKnownFileType = sourcecode.c.objc; path = ZZZAppDelegate.m; sourceTree = "<group>"; };
		889176B51906A63C000C7036 /* Base */ = {isa = PBXFileReference; lastKnownFileType = file.storyboard; name = Base; path = Base.lproj/Main.storyboard; sourceTree = "<group>"; };
		889176B71906A63C000C7036 /* ZZZViewController.h */ = {isa = PBXFileReference; lastKnownFileType = sourcecode.c.h; path = ZZZViewController.h; sourceTree = "<group>"; };
		889176B81906A63C000C7036 /* ZZZViewController.m */ = {isa = PBXFileReference; lastKnownFileType = sourcecode.c.objc; path = ZZZViewController.m; sourceTree = "<group>"; };
		889176BA1906A63C000C7036 /* Images.xcassets */ = {isa = PBXFileReference; lastKnownFileType = folder.assetcatalog; path = Images.xcassets; sourceTree = "<group>"; };
		889176C01906A63C000C7036 /* Pirate GameTests.xctest */ = {isa = PBXFileReference; explicitFileType = wrapper.cfbundle; includeInIndex = 0; path = "Pirate GameTests.xctest"; sourceTree = BUILT_PRODUCTS_DIR; };
		889176C11906A63C000C7036 /* XCTest.framework */ = {isa = PBXFileReference; lastKnownFileType = wrapper.framework; name = XCTest.framework; path = Library/Frameworks/XCTest.framework; sourceTree = DEVELOPER_DIR; };
		889176C91906A63C000C7036 /* Pirate GameTests-Info.plist */ = {isa = PBXFileReference; lastKnownFileType = text.plist.xml; path = "Pirate GameTests-Info.plist"; sourceTree = "<group>"; };
		889176CB1906A63C000C7036 /* en */ = {isa = PBXFileReference; lastKnownFileType = text.plist.strings; name = en; path = en.lproj/InfoPlist.strings; sourceTree = "<group>"; };
		889176CD1906A63C000C7036 /* Pirate_GameTests.m */ = {isa = PBXFileReference; lastKnownFileType = sourcecode.c.objc; path = Pirate_GameTests.m; sourceTree = "<group>"; };
/* End PBXFileReference section */

/* Begin PBXFrameworksBuildPhase section */
		8891769C1906A63B000C7036 /* Frameworks */ = {
			isa = PBXFrameworksBuildPhase;
			buildActionMask = 2147483647;
			files = (
				889176A51906A63B000C7036 /* CoreGraphics.framework in Frameworks */,
				889176A71906A63B000C7036 /* UIKit.framework in Frameworks */,
				889176A31906A63B000C7036 /* Foundation.framework in Frameworks */,
			);
			runOnlyForDeploymentPostprocessing = 0;
		};
		889176BD1906A63C000C7036 /* Frameworks */ = {
			isa = PBXFrameworksBuildPhase;
			buildActionMask = 2147483647;
			files = (
				889176C21906A63C000C7036 /* XCTest.framework in Frameworks */,
				889176C41906A63C000C7036 /* UIKit.framework in Frameworks */,
				889176C31906A63C000C7036 /* Foundation.framework in Frameworks */,
			);
			runOnlyForDeploymentPostprocessing = 0;
		};
/* End PBXFrameworksBuildPhase section */

/* Begin PBXGroup section */
		889176961906A63B000C7036 = {
			isa = PBXGroup;
			children = (
				889176A81906A63B000C7036 /* Pirate Game */,
				889176C71906A63C000C7036 /* Pirate GameTests */,
				889176A11906A63B000C7036 /* Frameworks */,
				889176A01906A63B000C7036 /* Products */,
			);
			sourceTree = "<group>";
		};
		889176A01906A63B000C7036 /* Products */ = {
			isa = PBXGroup;
			children = (
				8891769F1906A63B000C7036 /* Pirate Game.app */,
				889176C01906A63C000C7036 /* Pirate GameTests.xctest */,
			);
			name = Products;
			sourceTree = "<group>";
		};
		889176A11906A63B000C7036 /* Frameworks */ = {
			isa = PBXGroup;
			children = (
				889176A21906A63B000C7036 /* Foundation.framework */,
				889176A41906A63B000C7036 /* CoreGraphics.framework */,
				889176A61906A63B000C7036 /* UIKit.framework */,
				889176C11906A63C000C7036 /* XCTest.framework */,
			);
			name = Frameworks;
			sourceTree = "<group>";
		};
		889176A81906A63B000C7036 /* Pirate Game */ = {
			isa = PBXGroup;
			children = (
				889176B11906A63C000C7036 /* ZZZAppDelegate.h */,
				889176B21906A63C000C7036 /* ZZZAppDelegate.m */,
				889176B41906A63C000C7036 /* Main.storyboard */,
				889176B71906A63C000C7036 /* ZZZViewController.h */,
				889176B81906A63C000C7036 /* ZZZViewController.m */,
				889176BA1906A63C000C7036 /* Images.xcassets */,
				889176A91906A63C000C7036 /* Supporting Files */,
			);
			path = "Pirate Game";
			sourceTree = "<group>";
		};
		889176A91906A63C000C7036 /* Supporting Files */ = {
			isa = PBXGroup;
			children = (
				889176AA1906A63C000C7036 /* Pirate Game-Info.plist */,
				889176AB1906A63C000C7036 /* InfoPlist.strings */,
				889176AE1906A63C000C7036 /* main.m */,
				889176B01906A63C000C7036 /* Pirate Game-Prefix.pch */,
			);
			name = "Supporting Files";
			sourceTree = "<group>";
		};
		889176C71906A63C000C7036 /* Pirate GameTests */ = {
			isa = PBXGroup;
			children = (
				889176CD1906A63C000C7036 /* Pirate_GameTests.m */,
				889176C81906A63C000C7036 /* Supporting Files */,
			);
			path = "Pirate GameTests";
			sourceTree = "<group>";
		};
		889176C81906A63C000C7036 /* Supporting Files */ = {
			isa = PBXGroup;
			children = (
				889176C91906A63C000C7036 /* Pirate GameTests-Info.plist */,
				889176CA1906A63C000C7036 /* InfoPlist.strings */,
			);
			name = "Supporting Files";
			sourceTree = "<group>";
		};
/* End PBXGroup section */

/* Begin PBXNativeTarget section */
		8891769E1906A63B000C7036 /* Pirate Game */ = {
			isa = PBXNativeTarget;
			buildConfigurationList = 889176D11906A63C000C7036 /* Build configuration list for PBXNativeTarget "Pirate Game" */;
			buildPhases = (
				8891769B1906A63B000C7036 /* Sources */,
				8891769C1906A63B000C7036 /* Frameworks */,
				8891769D1906A63B000C7036 /* Resources */,
			);
			buildRules = (
			);
			dependencies = (
			);
			name = "Pirate Game";
			productName = "Pirate Game";
			productReference = 8891769F1906A63B000C7036 /* Pirate Game.app */;
			productType = "com.apple.product-type.application";
		};
		889176BF1906A63C000C7036 /* Pirate GameTests */ = {
			isa = PBXNativeTarget;
			buildConfigurationList = 889176D41906A63C000C7036 /* Build configuration list for PBXNativeTarget "Pirate GameTests" */;
			buildPhases = (
				889176BC1906A63C000C7036 /* Sources */,
				889176BD1906A63C000C7036 /* Frameworks */,
				889176BE1906A63C000C7036 /* Resources */,
			);
			buildRules = (
			);
			dependencies = (
				889176C61906A63C000C7036 /* PBXTargetDependency */,
			);
			name = "Pirate GameTests";
			productName = "Pirate GameTests";
			productReference = 889176C01906A63C000C7036 /* Pirate GameTests.xctest */;
			productType = "com.apple.product-type.bundle.unit-test";
		};
/* End PBXNativeTarget section */

/* Begin PBXProject section */
		889176971906A63B000C7036 /* Project object */ = {
			isa = PBXProject;
			attributes = {
				CLASSPREFIX = ZZZ;
				LastUpgradeCheck = 0510;
				TargetAttributes = {
					889176BF1906A63C000C7036 = {
						TestTargetID = 8891769E1906A63B000C7036;
					};
				};
			};
			buildConfigurationList = 8891769A1906A63B000C7036 /* Build configuration list for PBXProject "Pirate Game" */;
			compatibilityVersion = "Xcode 3.2";
			developmentRegion = English;
			hasScannedForEncodings = 0;
			knownRegions = (
				en,
				Base,
			);
			mainGroup = 889176961906A63B000C7036;
			productRefGroup = 889176A01906A63B000C7036 /* Products */;
			projectDirPath = "";
			projectRoot = "";
			targets = (
				8891769E1906A63B000C7036 /* Pirate Game */,
				889176BF1906A63C000C7036 /* Pirate GameTests */,
			);
		};
/* End PBXProject section */

/* Begin PBXResourcesBuildPhase section */
		8891769D1906A63B000C7036 /* Resources */ = {
			isa = PBXResourcesBuildPhase;
			buildActionMask = 2147483647;
			files = (
				889176BB1906A63C000C7036 /* Images.xcassets in Resources */,
				889176AD1906A63C000C7036 /* InfoPlist.strings in Resources */,
				889176B61906A63C000C7036 /* Main.storyboard in Resources */,
			);
			runOnlyForDeploymentPostprocessing = 0;
		};
		889176BE1906A63C000C7036 /* Resources */ = {
			isa = PBXResourcesBuildPhase;
			buildActionMask = 2147483647;
			files = (
				889176CC1906A63C000C7036 /* InfoPlist.strings in Resources */,
			);
			runOnlyForDeploymentPostprocessing = 0;
		};
/* End PBXResourcesBuildPhase section */

/* Begin PBXSourcesBuildPhase section */
		8891769B1906A63B000C7036 /* Sources */ = {
			isa = PBXSourcesBuildPhase;
			buildActionMask = 2147483647;
			files = (
				889176AF1906A63C000C7036 /* main.m in Sources */,
				889176B31906A63C000C7036 /* ZZZAppDelegate.m in Sources */,
				889176B91906A63C000C7036 /* ZZZViewController.m in Sources */,
			);
			runOnlyForDeploymentPostprocessing = 0;
		};
		889176BC1906A63C000C7036 /* Sources */ = {
			isa = PBXSourcesBuildPhase;
			buildActionMask = 2147483647;
			files = (
				889176CE1906A63C000C7036 /* Pirate_GameTests.m in Sources */,
			);
			runOnlyForDeploymentPostprocessing = 0;
		};
/* End PBXSourcesBuildPhase section */

/* Begin PBXTargetDependency section */
		889176C61906A63C000C7036 /* PBXTargetDependency */ = {
			isa = PBXTargetDependency;
			target = 8891769E1906A63B000C7036 /* Pirate Game */;
			targetProxy = 889176C51906A63C000C7036 /* PBXContainerItemProxy */;
		};
/* End PBXTargetDependency section */

/* Begin PBXVariantGroup section */
		889176AB1906A63C000C7036 /* InfoPlist.strings */ = {
			isa = PBXVariantGroup;
			children = (
				889176AC1906A63C000C7036 /* en */,
			);
			name = InfoPlist.strings;
			sourceTree = "<group>";
		};
		889176B41906A63C000C7036 /* Main.storyboard */ = {
			isa = PBXVariantGroup;
			children = (
				889176B51906A63C000C7036 /* Base */,
			);
			name = Main.storyboard;
			sourceTree = "<group>";
		};
		889176CA1906A63C000C7036 /* InfoPlist.strings */ = {
			isa = PBXVariantGroup;
			children = (
				889176CB1906A63C000C7036 /* en */,
			);
			name = InfoPlist.strings;
			sourceTree = "<group>";
		};
/* End PBXVariantGroup section */

/* Begin XCBuildConfiguration section */
		889176CF1906A63C000C7036 /* Debug */ = {
			isa = XCBuildConfiguration;
			buildSettings = {
				ALWAYS_SEARCH_USER_PATHS = NO;
				CLANG_CXX_LANGUAGE_STANDARD = "gnu++0x";
				CLANG_CXX_LIBRARY = "libc++";
				CLANG_ENABLE_MODULES = YES;
				CLANG_ENABLE_OBJC_ARC = YES;
				CLANG_WARN_BOOL_CONVERSION = YES;
				CLANG_WARN_CONSTANT_CONVERSION = YES;
				CLANG_WARN_DIRECT_OBJC_ISA_USAGE = YES_ERROR;
				CLANG_WARN_EMPTY_BODY = YES;
				CLANG_WARN_ENUM_CONVERSION = YES;
				CLANG_WARN_INT_CONVERSION = YES;
				CLANG_WARN_OBJC_ROOT_CLASS = YES_ERROR;
				CLANG_WARN__DUPLICATE_METHOD_MATCH = YES;
				"CODE_SIGN_IDENTITY[sdk=iphoneos*]" = "iPhone Developer";
				COPY_PHASE_STRIP = NO;
				GCC_C_LANGUAGE_STANDARD = gnu99;
				GCC_DYNAMIC_NO_PIC = NO;
				GCC_OPTIMIZATION_LEVEL = 0;
				GCC_PREPROCESSOR_DEFINITIONS = (
					"DEBUG=1",
					"$(inherited)",
				);
				GCC_SYMBOLS_PRIVATE_EXTERN = NO;
				GCC_WARN_64_TO_32_BIT_CONVERSION = YES;
				GCC_WARN_ABOUT_RETURN_TYPE = YES_ERROR;
				GCC_WARN_UNDECLARED_SELECTOR = YES;
				GCC_WARN_UNINITIALIZED_AUTOS = YES_AGGRESSIVE;
				GCC_WARN_UNUSED_FUNCTION = YES;
				GCC_WARN_UNUSED_VARIABLE = YES;
				IPHONEOS_DEPLOYMENT_TARGET = 7.1;
				ONLY_ACTIVE_ARCH = YES;
				SDKROOT = iphoneos;
			};
			name = Debug;
		};
		889176D01906A63C000C7036 /* Release */ = {
			isa = XCBuildConfiguration;
			buildSettings = {
				ALWAYS_SEARCH_USER_PATHS = NO;
				CLANG_CXX_LANGUAGE_STANDARD = "gnu++0x";
				CLANG_CXX_LIBRARY = "libc++";
				CLANG_ENABLE_MODULES = YES;
				CLANG_ENABLE_OBJC_ARC = YES;
				CLANG_WARN_BOOL_CONVERSION = YES;
				CLANG_WARN_CONSTANT_CONVERSION = YES;
				CLANG_WARN_DIRECT_OBJC_ISA_USAGE = YES_ERROR;
				CLANG_WARN_EMPTY_BODY = YES;
				CLANG_WARN_ENUM_CONVERSION = YES;
				CLANG_WARN_INT_CONVERSION = YES;
				CLANG_WARN_OBJC_ROOT_CLASS = YES_ERROR;
				CLANG_WARN__DUPLICATE_METHOD_MATCH = YES;
				"CODE_SIGN_IDENTITY[sdk=iphoneos*]" = "iPhone Developer";
				COPY_PHASE_STRIP = YES;
				ENABLE_NS_ASSERTIONS = NO;
				GCC_C_LANGUAGE_STANDARD = gnu99;
				GCC_WARN_64_TO_32_BIT_CONVERSION = YES;
				GCC_WARN_ABOUT_RETURN_TYPE = YES_ERROR;
				GCC_WARN_UNDECLARED_SELECTOR = YES;
				GCC_WARN_UNINITIALIZED_AUTOS = YES_AGGRESSIVE;
				GCC_WARN_UNUSED_FUNCTION = YES;
				GCC_WARN_UNUSED_VARIABLE = YES;
				IPHONEOS_DEPLOYMENT_TARGET = 7.1;
				SDKROOT = iphoneos;
				VALIDATE_PRODUCT = YES;
			};
			name = Release;
		};
		889176D21906A63C000C7036 /* Debug */ = {
			isa = XCBuildConfiguration;
			buildSettings = {
				ASSETCATALOG_COMPILER_APPICON_NAME = AppIcon;
				ASSETCATALOG_COMPILER_LAUNCHIMAGE_NAME = LaunchImage;
				GCC_PRECOMPILE_PREFIX_HEADER = YES;
				GCC_PREFIX_HEADER = "Pirate Game/Pirate Game-Prefix.pch";
				INFOPLIST_FILE = "Pirate Game/Pirate Game-Info.plist";
				PRODUCT_NAME = "$(TARGET_NAME)";
				WRAPPER_EXTENSION = app;
			};
			name = Debug;
		};
		889176D31906A63C000C7036 /* Release */ = {
			isa = XCBuildConfiguration;
			buildSettings = {
				ASSETCATALOG_COMPILER_APPICON_NAME = AppIcon;
				ASSETCATALOG_COMPILER_LAUNCHIMAGE_NAME = LaunchImage;
				GCC_PRECOMPILE_PREFIX_HEADER = YES;
				GCC_PREFIX_HEADER = "Pirate Game/Pirate Game-Prefix.pch";
				INFOPLIST_FILE = "Pirate Game/Pirate Game-Info.plist";
				PRODUCT_NAME = "$(TARGET_NAME)";
				WRAPPER_EXTENSION = app;
			};
			name = Release;
		};
		889176D51906A63C000C7036 /* Debug */ = {
			isa = XCBuildConfiguration;
			buildSettings = {
				BUNDLE_LOADER = "$(BUILT_PRODUCTS_DIR)/Pirate Game.app/Pirate Game";
				FRAMEWORK_SEARCH_PATHS = (
					"$(SDKROOT)/Developer/Library/Frameworks",
					"$(inherited)",
					"$(DEVELOPER_FRAMEWORKS_DIR)",
				);
				GCC_PRECOMPILE_PREFIX_HEADER = YES;
				GCC_PREFIX_HEADER = "Pirate Game/Pirate Game-Prefix.pch";
				GCC_PREPROCESSOR_DEFINITIONS = (
					"DEBUG=1",
					"$(inherited)",
				);
				INFOPLIST_FILE = "Pirate GameTests/Pirate GameTests-Info.plist";
				PRODUCT_NAME = "$(TARGET_NAME)";
				TEST_HOST = "$(BUNDLE_LOADER)";
				WRAPPER_EXTENSION = xctest;
			};
			name = Debug;
		};
		889176D61906A63C000C7036 /* Release */ = {
			isa = XCBuildConfiguration;
			buildSettings = {
				BUNDLE_LOADER = "$(BUILT_PRODUCTS_DIR)/Pirate Game.app/Pirate Game";
				FRAMEWORK_SEARCH_PATHS = (
					"$(SDKROOT)/Developer/Library/Frameworks",
					"$(inherited)",
					"$(DEVELOPER_FRAMEWORKS_DIR)",
				);
				GCC_PRECOMPILE_PREFIX_HEADER = YES;
				GCC_PREFIX_HEADER = "Pirate Game/Pirate Game-Prefix.pch";
				INFOPLIST_FILE = "Pirate GameTests/Pirate GameTests-Info.plist";
				PRODUCT_NAME = "$(TARGET_NAME)";
				TEST_HOST = "$(BUNDLE_LOADER)";
				WRAPPER_EXTENSION = xctest;
			};
			name = Release;
		};
/* End XCBuildConfiguration section */

/* Begin XCConfigurationList section */
		8891769A1906A63B000C7036 /* Build configuration list for PBXProject "Pirate Game" */ = {
			isa = XCConfigurationList;
			buildConfigurations = (
				889176CF1906A63C000C7036 /* Debug */,
				889176D01906A63C000C7036 /* Release */,
			);
			defaultConfigurationIsVisible = 0;
			defaultConfigurationName = Release;
		};
		889176D11906A63C000C7036 /* Build configuration list for PBXNativeTarget "Pirate Game" */ = {
			isa = XCConfigurationList;
			buildConfigurations = (
				889176D21906A63C000C7036 /* Debug */,
				889176D31906A63C000C7036 /* Release */,
			);
			defaultConfigurationIsVisible = 0;
		};
		889176D41906A63C000C7036 /* Build configuration list for PBXNativeTarget "Pirate GameTests" */ = {
			isa = XCConfigurationList;
			buildConfigurations = (
				889176D51906A63C000C7036 /* Debug */,
				889176D61906A63C000C7036 /* Release */,
			);
			defaultConfigurationIsVisible = 0;
		};
/* End XCConfigurationList section */
	};
	rootObject = 889176971906A63B000C7036 /* Project object */;
}
